{
  "name": "web-tech-demo",
  "version": "1.0.0",
  "lockfileVersion": 2,
  "requires": true,
  "packages": {
    "": {
      "name": "web-tech-demo",
      "version": "1.0.0",
      "license": "ISC",
      "dependencies": {
        "yarn": "^1.22.10"
      }
    },
    "node_modules/yarn": {
      "version": "1.22.10",
      "hasInstallScript": true,
      "license": "BSD-2-Clause",
      "bin": {
        "yarn": "bin/yarn.js",
        "yarnpkg": "bin/yarn.js"
      },
      "engines": {
        "node": ">=4.0.0"
      }
    }
  },
  "dependencies": {
    "yarn": {
      "version": "1.22.10"
    }
  }
}
